
Microsoft Visual Studio Solution File, Format Version 12.00
# Visual Studio Version 16
VisualStudioVersion = 16.0.31624.102
MinimumVisualStudioVersion = 10.0.40219.1
Project("{FAE04EC0-301F-11D3-BF4B-00C04F79EFBC}") = "Čarové obrazce", "Čarové obrazce\Čarové obrazce.csproj", "{B4B3D706-E5B4-458F-982F-FE8DCE457835}"
EndProject
Global
	GlobalSection(SolutionConfigurationPlatforms) = preSolution
		Debug|Any CPU = Debug|Any CPU
		Release|Any CPU = Release|Any CPU
	EndGlobalSection
	GlobalSection(ProjectConfigurationPlatforms) = postSolution
		{B4B3D706-E5B4-458F-982F-FE8DCE457835}.Debug|Any CPU.ActiveCfg = Debug|Any CPU
		{B4B3D706-E5B4-458F-982F-FE8DCE457835}.Debug|Any CPU.Build.0 = Debug|Any CPU
		{B4B3D706-E5B4-458F-982F-FE8DCE457835}.Release|Any CPU.ActiveCfg = Release|Any CPU
		{B4B3D706-E5B4-458F-982F-FE8DCE457835}.Release|Any CPU.Build.0 = Release|Any CPU
	EndGlobalSection
	GlobalSection(SolutionProperties) = preSolution
		HideSolutionNode = FALSE
	EndGlobalSection
	GlobalSection(ExtensibilityGlobals) = postSolution
		SolutionGuid = {1E2896E2-23A2-4BD9-9CF4-526C9604D071}
	EndGlobalSection
EndGlobal
