
Microsoft Visual Studio Solution File, Format Version 11.00
# Visual C# Express 2010
Project("{FAE04EC0-301F-11D3-BF4B-00C04F79EFBC}") = "Ruleta", "Ruleta.csproj", "{180B301D-1321-44F4-9908-16AA503A4399}"
EndProject
Global
	GlobalSection(SolutionConfigurationPlatforms) = preSolution
		Debug|Any CPU = Debug|Any CPU
		Release|Any CPU = Release|Any CPU
	EndGlobalSection
	GlobalSection(ProjectConfigurationPlatforms) = postSolution
		{180B301D-1321-44F4-9908-16AA503A4399}.Debug|Any CPU.ActiveCfg = Debug|Any CPU
		{180B301D-1321-44F4-9908-16AA503A4399}.Debug|Any CPU.Build.0 = Debug|Any CPU
		{180B301D-1321-44F4-9908-16AA503A4399}.Release|Any CPU.ActiveCfg = Release|Any CPU
		{180B301D-1321-44F4-9908-16AA503A4399}.Release|Any CPU.Build.0 = Release|Any CPU
	EndGlobalSection
	GlobalSection(SolutionProperties) = preSolution
		HideSolutionNode = FALSE
	EndGlobalSection
EndGlobal
