
Microsoft Visual Studio Solution File, Format Version 12.00
# Visual Studio Version 17
VisualStudioVersion = 17.7.34031.279
MinimumVisualStudioVersion = 10.0.40219.1
Project("{FAE04EC0-301F-11D3-BF4B-00C04F79EFBC}") = "Druhý pokus", "Druhý pokus\Druhý pokus.csproj", "{C6660879-D3EF-429B-838C-8FAB5C40CA48}"
EndProject
Global
	GlobalSection(SolutionConfigurationPlatforms) = preSolution
		Debug|Any CPU = Debug|Any CPU
		Release|Any CPU = Release|Any CPU
	EndGlobalSection
	GlobalSection(ProjectConfigurationPlatforms) = postSolution
		{C6660879-D3EF-429B-838C-8FAB5C40CA48}.Debug|Any CPU.ActiveCfg = Debug|Any CPU
		{C6660879-D3EF-429B-838C-8FAB5C40CA48}.Debug|Any CPU.Build.0 = Debug|Any CPU
		{C6660879-D3EF-429B-838C-8FAB5C40CA48}.Release|Any CPU.ActiveCfg = Release|Any CPU
		{C6660879-D3EF-429B-838C-8FAB5C40CA48}.Release|Any CPU.Build.0 = Release|Any CPU
	EndGlobalSection
	GlobalSection(SolutionProperties) = preSolution
		HideSolutionNode = FALSE
	EndGlobalSection
	GlobalSection(ExtensibilityGlobals) = postSolution
		SolutionGuid = {19DD60AC-6344-449F-A81A-C9CB4845E0E0}
	EndGlobalSection
EndGlobal
