
Microsoft Visual Studio Solution File, Format Version 12.00
# Visual Studio Version 16
VisualStudioVersion = 16.0.31624.102
MinimumVisualStudioVersion = 10.0.40219.1
Project("{FAE04EC0-301F-11D3-BF4B-00C04F79EFBC}") = "Kontextově závislý přepínač", "Kontextově závislý přepínač\Kontextově závislý přepínač.csproj", "{5B1CC12A-D6B5-4628-9FD1-E5CFF53BB23B}"
EndProject
Global
	GlobalSection(SolutionConfigurationPlatforms) = preSolution
		Debug|Any CPU = Debug|Any CPU
		Release|Any CPU = Release|Any CPU
	EndGlobalSection
	GlobalSection(ProjectConfigurationPlatforms) = postSolution
		{5B1CC12A-D6B5-4628-9FD1-E5CFF53BB23B}.Debug|Any CPU.ActiveCfg = Debug|Any CPU
		{5B1CC12A-D6B5-4628-9FD1-E5CFF53BB23B}.Debug|Any CPU.Build.0 = Debug|Any CPU
		{5B1CC12A-D6B5-4628-9FD1-E5CFF53BB23B}.Release|Any CPU.ActiveCfg = Release|Any CPU
		{5B1CC12A-D6B5-4628-9FD1-E5CFF53BB23B}.Release|Any CPU.Build.0 = Release|Any CPU
	EndGlobalSection
	GlobalSection(SolutionProperties) = preSolution
		HideSolutionNode = FALSE
	EndGlobalSection
	GlobalSection(ExtensibilityGlobals) = postSolution
		SolutionGuid = {7F09D3B0-8F3D-4898-B2E3-1FD60EC53073}
	EndGlobalSection
EndGlobal
