
Microsoft Visual Studio Solution File, Format Version 12.00
# Visual Studio Version 16
VisualStudioVersion = 16.0.31624.102
MinimumVisualStudioVersion = 10.0.40219.1
Project("{FAE04EC0-301F-11D3-BF4B-00C04F79EFBC}") = "Nad prvkem či mimo", "Nad prvkem či mimo\Nad prvkem či mimo.csproj", "{4EAB1A87-DE8A-4386-BC3E-E24B20FAB73E}"
EndProject
Global
	GlobalSection(SolutionConfigurationPlatforms) = preSolution
		Debug|Any CPU = Debug|Any CPU
		Release|Any CPU = Release|Any CPU
	EndGlobalSection
	GlobalSection(ProjectConfigurationPlatforms) = postSolution
		{4EAB1A87-DE8A-4386-BC3E-E24B20FAB73E}.Debug|Any CPU.ActiveCfg = Debug|Any CPU
		{4EAB1A87-DE8A-4386-BC3E-E24B20FAB73E}.Debug|Any CPU.Build.0 = Debug|Any CPU
		{4EAB1A87-DE8A-4386-BC3E-E24B20FAB73E}.Release|Any CPU.ActiveCfg = Release|Any CPU
		{4EAB1A87-DE8A-4386-BC3E-E24B20FAB73E}.Release|Any CPU.Build.0 = Release|Any CPU
	EndGlobalSection
	GlobalSection(SolutionProperties) = preSolution
		HideSolutionNode = FALSE
	EndGlobalSection
	GlobalSection(ExtensibilityGlobals) = postSolution
		SolutionGuid = {47EABAEE-4E11-4CC3-AF0B-8DBC9D1B3C6D}
	EndGlobalSection
EndGlobal
