
Microsoft Visual Studio Solution File, Format Version 12.00
# Visual Studio Version 16
VisualStudioVersion = 16.0.31727.386
MinimumVisualStudioVersion = 10.0.40219.1
Project("{FAE04EC0-301F-11D3-BF4B-00C04F79EFBC}") = "Dvojitá záloha", "Dvojitá záloha\Dvojitá záloha.csproj", "{8F4ED574-5909-4CBE-ACB5-9300B500BAA4}"
EndProject
Global
	GlobalSection(SolutionConfigurationPlatforms) = preSolution
		Debug|Any CPU = Debug|Any CPU
		Release|Any CPU = Release|Any CPU
	EndGlobalSection
	GlobalSection(ProjectConfigurationPlatforms) = postSolution
		{8F4ED574-5909-4CBE-ACB5-9300B500BAA4}.Debug|Any CPU.ActiveCfg = Debug|Any CPU
		{8F4ED574-5909-4CBE-ACB5-9300B500BAA4}.Debug|Any CPU.Build.0 = Debug|Any CPU
		{8F4ED574-5909-4CBE-ACB5-9300B500BAA4}.Release|Any CPU.ActiveCfg = Release|Any CPU
		{8F4ED574-5909-4CBE-ACB5-9300B500BAA4}.Release|Any CPU.Build.0 = Release|Any CPU
	EndGlobalSection
	GlobalSection(SolutionProperties) = preSolution
		HideSolutionNode = FALSE
	EndGlobalSection
	GlobalSection(ExtensibilityGlobals) = postSolution
		SolutionGuid = {268D828F-5344-45B5-B019-60504C996E09}
	EndGlobalSection
EndGlobal
