
Microsoft Visual Studio Solution File, Format Version 12.00
# Visual Studio Version 16
VisualStudioVersion = 16.0.35229.62
MinimumVisualStudioVersion = 10.0.40219.1
Project("{FAE04EC0-301F-11D3-BF4B-00C04F79EFBC}") = "4 Čerchovaná čára - já", "4 Čerchovaná čára - já\4 Čerchovaná čára - já.csproj", "{8254B313-4F37-40F2-A1CF-835BA7932892}"
EndProject
Global
	GlobalSection(SolutionConfigurationPlatforms) = preSolution
		Debug|Any CPU = Debug|Any CPU
		Release|Any CPU = Release|Any CPU
	EndGlobalSection
	GlobalSection(ProjectConfigurationPlatforms) = postSolution
		{8254B313-4F37-40F2-A1CF-835BA7932892}.Debug|Any CPU.ActiveCfg = Debug|Any CPU
		{8254B313-4F37-40F2-A1CF-835BA7932892}.Debug|Any CPU.Build.0 = Debug|Any CPU
		{8254B313-4F37-40F2-A1CF-835BA7932892}.Release|Any CPU.ActiveCfg = Release|Any CPU
		{8254B313-4F37-40F2-A1CF-835BA7932892}.Release|Any CPU.Build.0 = Release|Any CPU
	EndGlobalSection
	GlobalSection(SolutionProperties) = preSolution
		HideSolutionNode = FALSE
	EndGlobalSection
	GlobalSection(ExtensibilityGlobals) = postSolution
		SolutionGuid = {55223612-E1A5-4912-9930-B4D93E70C124}
	EndGlobalSection
EndGlobal
