
Microsoft Visual Studio Solution File, Format Version 11.00
# Visual C# Express 2010
Project("{FAE04EC0-301F-11D3-BF4B-00C04F79EFBC}") = "Stavební spoření", "Stavební spoření.csproj", "{D7BBC167-0617-4CEC-B8D6-26F93841324E}"
EndProject
Global
	GlobalSection(SolutionConfigurationPlatforms) = preSolution
		Debug|Any CPU = Debug|Any CPU
		Release|Any CPU = Release|Any CPU
	EndGlobalSection
	GlobalSection(ProjectConfigurationPlatforms) = postSolution
		{D7BBC167-0617-4CEC-B8D6-26F93841324E}.Debug|Any CPU.ActiveCfg = Debug|Any CPU
		{D7BBC167-0617-4CEC-B8D6-26F93841324E}.Debug|Any CPU.Build.0 = Debug|Any CPU
		{D7BBC167-0617-4CEC-B8D6-26F93841324E}.Release|Any CPU.ActiveCfg = Release|Any CPU
		{D7BBC167-0617-4CEC-B8D6-26F93841324E}.Release|Any CPU.Build.0 = Release|Any CPU
	EndGlobalSection
	GlobalSection(SolutionProperties) = preSolution
		HideSolutionNode = FALSE
	EndGlobalSection
EndGlobal
