
Microsoft Visual Studio Solution File, Format Version 11.00
# Visual C# Express 2010
Project("{FAE04EC0-301F-11D3-BF4B-00C04F79EFBC}") = "Tlustá čára", "Tlustá čára.csproj", "{123F97DE-0C32-411F-B2D6-8A62585A576A}"
EndProject
Global
	GlobalSection(SolutionConfigurationPlatforms) = preSolution
		Debug|Any CPU = Debug|Any CPU
		Release|Any CPU = Release|Any CPU
	EndGlobalSection
	GlobalSection(ProjectConfigurationPlatforms) = postSolution
		{123F97DE-0C32-411F-B2D6-8A62585A576A}.Debug|Any CPU.ActiveCfg = Debug|Any CPU
		{123F97DE-0C32-411F-B2D6-8A62585A576A}.Debug|Any CPU.Build.0 = Debug|Any CPU
		{123F97DE-0C32-411F-B2D6-8A62585A576A}.Release|Any CPU.ActiveCfg = Release|Any CPU
		{123F97DE-0C32-411F-B2D6-8A62585A576A}.Release|Any CPU.Build.0 = Release|Any CPU
	EndGlobalSection
	GlobalSection(SolutionProperties) = preSolution
		HideSolutionNode = FALSE
	EndGlobalSection
EndGlobal
