
Microsoft Visual Studio Solution File, Format Version 12.00
# Visual Studio Version 16
VisualStudioVersion = 16.0.32228.343
MinimumVisualStudioVersion = 10.0.40219.1
Project("{FAE04EC0-301F-11D3-BF4B-00C04F79EFBC}") = "Obdélníčky", "Obdélníčky\Obdélníčky.csproj", "{C8B23B9C-5BB0-45FD-AF0F-0BCC6BF867C9}"
EndProject
Global
	GlobalSection(SolutionConfigurationPlatforms) = preSolution
		Debug|Any CPU = Debug|Any CPU
		Release|Any CPU = Release|Any CPU
	EndGlobalSection
	GlobalSection(ProjectConfigurationPlatforms) = postSolution
		{C8B23B9C-5BB0-45FD-AF0F-0BCC6BF867C9}.Debug|Any CPU.ActiveCfg = Debug|Any CPU
		{C8B23B9C-5BB0-45FD-AF0F-0BCC6BF867C9}.Debug|Any CPU.Build.0 = Debug|Any CPU
		{C8B23B9C-5BB0-45FD-AF0F-0BCC6BF867C9}.Release|Any CPU.ActiveCfg = Release|Any CPU
		{C8B23B9C-5BB0-45FD-AF0F-0BCC6BF867C9}.Release|Any CPU.Build.0 = Release|Any CPU
	EndGlobalSection
	GlobalSection(SolutionProperties) = preSolution
		HideSolutionNode = FALSE
	EndGlobalSection
	GlobalSection(ExtensibilityGlobals) = postSolution
		SolutionGuid = {88C80B0A-4D9A-46C3-83AF-A7F702D1C69A}
	EndGlobalSection
EndGlobal
