
Microsoft Visual Studio Solution File, Format Version 12.00
# Visual Studio Version 16
VisualStudioVersion = 16.0.33529.622
MinimumVisualStudioVersion = 10.0.40219.1
Project("{FAE04EC0-301F-11D3-BF4B-00C04F79EFBC}") = "Přepínač", "Přepínač\Přepínač.csproj", "{44742A44-BB5C-4E4E-9CED-12507A6579C1}"
EndProject
Global
	GlobalSection(SolutionConfigurationPlatforms) = preSolution
		Debug|Any CPU = Debug|Any CPU
		Release|Any CPU = Release|Any CPU
	EndGlobalSection
	GlobalSection(ProjectConfigurationPlatforms) = postSolution
		{44742A44-BB5C-4E4E-9CED-12507A6579C1}.Debug|Any CPU.ActiveCfg = Debug|Any CPU
		{44742A44-BB5C-4E4E-9CED-12507A6579C1}.Debug|Any CPU.Build.0 = Debug|Any CPU
		{44742A44-BB5C-4E4E-9CED-12507A6579C1}.Release|Any CPU.ActiveCfg = Release|Any CPU
		{44742A44-BB5C-4E4E-9CED-12507A6579C1}.Release|Any CPU.Build.0 = Release|Any CPU
	EndGlobalSection
	GlobalSection(SolutionProperties) = preSolution
		HideSolutionNode = FALSE
	EndGlobalSection
	GlobalSection(ExtensibilityGlobals) = postSolution
		SolutionGuid = {5689D2C7-E81E-494E-B8EF-D2643C67D4F4}
	EndGlobalSection
EndGlobal
