
Microsoft Visual Studio Solution File, Format Version 12.00
# Visual Studio Version 16
VisualStudioVersion = 16.0.31624.102
MinimumVisualStudioVersion = 10.0.40219.1
Project("{FAE04EC0-301F-11D3-BF4B-00C04F79EFBC}") = "Vstupní text do zprávy", "Vstupní text do zprávy\Vstupní text do zprávy.csproj", "{95B27354-C11D-4DB8-94FD-6DAAB10EE169}"
EndProject
Global
	GlobalSection(SolutionConfigurationPlatforms) = preSolution
		Debug|Any CPU = Debug|Any CPU
		Release|Any CPU = Release|Any CPU
	EndGlobalSection
	GlobalSection(ProjectConfigurationPlatforms) = postSolution
		{95B27354-C11D-4DB8-94FD-6DAAB10EE169}.Debug|Any CPU.ActiveCfg = Debug|Any CPU
		{95B27354-C11D-4DB8-94FD-6DAAB10EE169}.Debug|Any CPU.Build.0 = Debug|Any CPU
		{95B27354-C11D-4DB8-94FD-6DAAB10EE169}.Release|Any CPU.ActiveCfg = Release|Any CPU
		{95B27354-C11D-4DB8-94FD-6DAAB10EE169}.Release|Any CPU.Build.0 = Release|Any CPU
	EndGlobalSection
	GlobalSection(SolutionProperties) = preSolution
		HideSolutionNode = FALSE
	EndGlobalSection
	GlobalSection(ExtensibilityGlobals) = postSolution
		SolutionGuid = {592304AE-E8C2-4C79-B7BC-789BB518FA6D}
	EndGlobalSection
EndGlobal
