
Microsoft Visual Studio Solution File, Format Version 12.00
# Visual Studio Version 17
VisualStudioVersion = 17.7.34031.279
MinimumVisualStudioVersion = 10.0.40219.1
Project("{FAE04EC0-301F-11D3-BF4B-00C04F79EFBC}") = "Můj první program", "Můj první program\Můj první program.csproj", "{1B059547-4CF8-473D-9E4D-AE607094BB33}"
EndProject
Global
	GlobalSection(SolutionConfigurationPlatforms) = preSolution
		Debug|Any CPU = Debug|Any CPU
		Release|Any CPU = Release|Any CPU
	EndGlobalSection
	GlobalSection(ProjectConfigurationPlatforms) = postSolution
		{1B059547-4CF8-473D-9E4D-AE607094BB33}.Debug|Any CPU.ActiveCfg = Debug|Any CPU
		{1B059547-4CF8-473D-9E4D-AE607094BB33}.Debug|Any CPU.Build.0 = Debug|Any CPU
		{1B059547-4CF8-473D-9E4D-AE607094BB33}.Release|Any CPU.ActiveCfg = Release|Any CPU
		{1B059547-4CF8-473D-9E4D-AE607094BB33}.Release|Any CPU.Build.0 = Release|Any CPU
	EndGlobalSection
	GlobalSection(SolutionProperties) = preSolution
		HideSolutionNode = FALSE
	EndGlobalSection
	GlobalSection(ExtensibilityGlobals) = postSolution
		SolutionGuid = {9F5982F3-F0E7-4165-A20B-8EE2420696FF}
	EndGlobalSection
EndGlobal
