
Microsoft Visual Studio Solution File, Format Version 11.00
# Visual C# Express 2010
Project("{FAE04EC0-301F-11D3-BF4B-00C04F79EFBC}") = "Proměnlivá nabídka", "Proměnlivá nabídka.csproj", "{D8736489-6B87-4926-B75F-B2149F3A435C}"
EndProject
Global
	GlobalSection(SolutionConfigurationPlatforms) = preSolution
		Debug|Any CPU = Debug|Any CPU
		Release|Any CPU = Release|Any CPU
	EndGlobalSection
	GlobalSection(ProjectConfigurationPlatforms) = postSolution
		{D8736489-6B87-4926-B75F-B2149F3A435C}.Debug|Any CPU.ActiveCfg = Debug|Any CPU
		{D8736489-6B87-4926-B75F-B2149F3A435C}.Debug|Any CPU.Build.0 = Debug|Any CPU
		{D8736489-6B87-4926-B75F-B2149F3A435C}.Release|Any CPU.ActiveCfg = Release|Any CPU
		{D8736489-6B87-4926-B75F-B2149F3A435C}.Release|Any CPU.Build.0 = Release|Any CPU
	EndGlobalSection
	GlobalSection(SolutionProperties) = preSolution
		HideSolutionNode = FALSE
	EndGlobalSection
EndGlobal
