
Microsoft Visual Studio Solution File, Format Version 12.00
# Visual Studio Version 16
VisualStudioVersion = 16.0.31624.102
MinimumVisualStudioVersion = 10.0.40219.1
Project("{FAE04EC0-301F-11D3-BF4B-00C04F79EFBC}") = "Výměna barev", "Výměna barev\Výměna barev.csproj", "{45FA4B6D-1A1A-476F-9CB7-8C25AC4B5D77}"
EndProject
Global
	GlobalSection(SolutionConfigurationPlatforms) = preSolution
		Debug|Any CPU = Debug|Any CPU
		Release|Any CPU = Release|Any CPU
	EndGlobalSection
	GlobalSection(ProjectConfigurationPlatforms) = postSolution
		{45FA4B6D-1A1A-476F-9CB7-8C25AC4B5D77}.Debug|Any CPU.ActiveCfg = Debug|Any CPU
		{45FA4B6D-1A1A-476F-9CB7-8C25AC4B5D77}.Debug|Any CPU.Build.0 = Debug|Any CPU
		{45FA4B6D-1A1A-476F-9CB7-8C25AC4B5D77}.Release|Any CPU.ActiveCfg = Release|Any CPU
		{45FA4B6D-1A1A-476F-9CB7-8C25AC4B5D77}.Release|Any CPU.Build.0 = Release|Any CPU
	EndGlobalSection
	GlobalSection(SolutionProperties) = preSolution
		HideSolutionNode = FALSE
	EndGlobalSection
	GlobalSection(ExtensibilityGlobals) = postSolution
		SolutionGuid = {B6E0377E-10D8-4B89-9535-93F8A7E7ED19}
	EndGlobalSection
EndGlobal
