
Microsoft Visual Studio Solution File, Format Version 12.00
# Visual Studio Version 16
VisualStudioVersion = 16.0.31727.386
MinimumVisualStudioVersion = 10.0.40219.1
Project("{FAE04EC0-301F-11D3-BF4B-00C04F79EFBC}") = "ReadOnly versus Enabled", "ReadOnly versus Enabled\ReadOnly versus Enabled.csproj", "{4CA816BB-D419-479E-8176-0A3E90F68CDE}"
EndProject
Global
	GlobalSection(SolutionConfigurationPlatforms) = preSolution
		Debug|Any CPU = Debug|Any CPU
		Release|Any CPU = Release|Any CPU
	EndGlobalSection
	GlobalSection(ProjectConfigurationPlatforms) = postSolution
		{4CA816BB-D419-479E-8176-0A3E90F68CDE}.Debug|Any CPU.ActiveCfg = Debug|Any CPU
		{4CA816BB-D419-479E-8176-0A3E90F68CDE}.Debug|Any CPU.Build.0 = Debug|Any CPU
		{4CA816BB-D419-479E-8176-0A3E90F68CDE}.Release|Any CPU.ActiveCfg = Release|Any CPU
		{4CA816BB-D419-479E-8176-0A3E90F68CDE}.Release|Any CPU.Build.0 = Release|Any CPU
	EndGlobalSection
	GlobalSection(SolutionProperties) = preSolution
		HideSolutionNode = FALSE
	EndGlobalSection
	GlobalSection(ExtensibilityGlobals) = postSolution
		SolutionGuid = {60ACEC5E-4760-49F3-A7EA-5AB946F8A526}
	EndGlobalSection
EndGlobal
