
Microsoft Visual Studio Solution File, Format Version 12.00
# Visual Studio Version 16
VisualStudioVersion = 16.0.31624.102
MinimumVisualStudioVersion = 10.0.40219.1
Project("{FAE04EC0-301F-11D3-BF4B-00C04F79EFBC}") = "Panel pracující s oknem", "Panel pracující s oknem\Panel pracující s oknem.csproj", "{A2E60581-9C78-4848-8862-F9098A7B5BFB}"
EndProject
Global
	GlobalSection(SolutionConfigurationPlatforms) = preSolution
		Debug|Any CPU = Debug|Any CPU
		Release|Any CPU = Release|Any CPU
	EndGlobalSection
	GlobalSection(ProjectConfigurationPlatforms) = postSolution
		{A2E60581-9C78-4848-8862-F9098A7B5BFB}.Debug|Any CPU.ActiveCfg = Debug|Any CPU
		{A2E60581-9C78-4848-8862-F9098A7B5BFB}.Debug|Any CPU.Build.0 = Debug|Any CPU
		{A2E60581-9C78-4848-8862-F9098A7B5BFB}.Release|Any CPU.ActiveCfg = Release|Any CPU
		{A2E60581-9C78-4848-8862-F9098A7B5BFB}.Release|Any CPU.Build.0 = Release|Any CPU
	EndGlobalSection
	GlobalSection(SolutionProperties) = preSolution
		HideSolutionNode = FALSE
	EndGlobalSection
	GlobalSection(ExtensibilityGlobals) = postSolution
		SolutionGuid = {8FDB9B7F-E346-45E6-A4CB-D17C6BBFB34D}
	EndGlobalSection
EndGlobal
